
Microsoft Visual Studio Solution File, Format Version 12.00
# Visual Studio Version 16
VisualStudioVersion = 16.0.32106.194
MinimumVisualStudioVersion = 10.0.40219.1
Project("{9A19103F-16F7-4668-BE54-9A1E7A4F7556}") = "DogsCompanion.App", "DogsCompanion.App\DogsCompanion.App.csproj", "{191AB5CF-ED3D-4748-A98A-3EB921FD2A9C}"
EndProject
Project("{9A19103F-16F7-4668-BE54-9A1E7A4F7556}") = "DogsCompanion.Data", "DogsCompanion.Data\DogsCompanion.Data.csproj", "{90CE08FE-A721-49F1-801A-D793BBBA0011}"
EndProject
Global
	GlobalSection(SolutionConfigurationPlatforms) = preSolution
		Debug|Any CPU = Debug|Any CPU
		Release|Any CPU = Release|Any CPU
	EndGlobalSection
	GlobalSection(ProjectConfigurationPlatforms) = postSolution
		{191AB5CF-ED3D-4748-A98A-3EB921FD2A9C}.Debug|Any CPU.ActiveCfg = Debug|Any CPU
		{191AB5CF-ED3D-4748-A98A-3EB921FD2A9C}.Debug|Any CPU.Build.0 = Debug|Any CPU
		{191AB5CF-ED3D-4748-A98A-3EB921FD2A9C}.Release|Any CPU.ActiveCfg = Release|Any CPU
		{191AB5CF-ED3D-4748-A98A-3EB921FD2A9C}.Release|Any CPU.Build.0 = Release|Any CPU
		{90CE08FE-A721-49F1-801A-D793BBBA0011}.Debug|Any CPU.ActiveCfg = Debug|Any CPU
		{90CE08FE-A721-49F1-801A-D793BBBA0011}.Debug|Any CPU.Build.0 = Debug|Any CPU
		{90CE08FE-A721-49F1-801A-D793BBBA0011}.Release|Any CPU.ActiveCfg = Release|Any CPU
		{90CE08FE-A721-49F1-801A-D793BBBA0011}.Release|Any CPU.Build.0 = Release|Any CPU
	EndGlobalSection
	GlobalSection(SolutionProperties) = preSolution
		HideSolutionNode = FALSE
	EndGlobalSection
	GlobalSection(ExtensibilityGlobals) = postSolution
		SolutionGuid = {F93813ED-C776-488C-BAC1-5BC5774A8961}
	EndGlobalSection
EndGlobal
